
Microsoft Visual Studio Solution File, Format Version 12.00
# Visual Studio Version 17
VisualStudioVersion = 17.6.33723.286
MinimumVisualStudioVersion = 10.0.40219.1
Project("{2150E333-8FDC-42A3-9474-1A3956D46DE8}") = "Solution Items", "Solution Items", "{C45E13E3-C862-4710-96DC-CD549E10A82C}"
	ProjectSection(SolutionItems) = preProject
		.editorconfig = .editorconfig
	EndProjectSection
EndProject
Project("{2150E333-8FDC-42A3-9474-1A3956D46DE8}") = "src", "src", "{E13B24A1-F393-431A-A61B-7AA63C55180E}"
EndProject
Project("{9A19103F-16F7-4668-BE54-9A1E7A4F7556}") = "YAGO.WebProjectTemplate.Application", "src\Application\YAGO.WebProjectTemplate.Application.csproj", "{899B0A1C-C3CC-4FAF-A079-BA2457432246}"
EndProject
Project("{9A19103F-16F7-4668-BE54-9A1E7A4F7556}") = "YAGO.WebProjectTemplate.Host", "src\Host\YAGO.WebProjectTemplate.Host.csproj", "{F8DCA402-2F1A-4966-AC75-06C65B494B5A}"
EndProject
Global
	GlobalSection(SolutionConfigurationPlatforms) = preSolution
		Debug|Any CPU = Debug|Any CPU
		Release|Any CPU = Release|Any CPU
	EndGlobalSection
	GlobalSection(ProjectConfigurationPlatforms) = postSolution
		{899B0A1C-C3CC-4FAF-A079-BA2457432246}.Debug|Any CPU.ActiveCfg = Debug|Any CPU
		{899B0A1C-C3CC-4FAF-A079-BA2457432246}.Debug|Any CPU.Build.0 = Debug|Any CPU
		{899B0A1C-C3CC-4FAF-A079-BA2457432246}.Release|Any CPU.ActiveCfg = Release|Any CPU
		{899B0A1C-C3CC-4FAF-A079-BA2457432246}.Release|Any CPU.Build.0 = Release|Any CPU
		{F8DCA402-2F1A-4966-AC75-06C65B494B5A}.Debug|Any CPU.ActiveCfg = Debug|Any CPU
		{F8DCA402-2F1A-4966-AC75-06C65B494B5A}.Debug|Any CPU.Build.0 = Debug|Any CPU
		{F8DCA402-2F1A-4966-AC75-06C65B494B5A}.Release|Any CPU.ActiveCfg = Release|Any CPU
		{F8DCA402-2F1A-4966-AC75-06C65B494B5A}.Release|Any CPU.Build.0 = Release|Any CPU
	EndGlobalSection
	GlobalSection(SolutionProperties) = preSolution
		HideSolutionNode = FALSE
	EndGlobalSection
	GlobalSection(NestedProjects) = preSolution
		{899B0A1C-C3CC-4FAF-A079-BA2457432246} = {E13B24A1-F393-431A-A61B-7AA63C55180E}
		{F8DCA402-2F1A-4966-AC75-06C65B494B5A} = {E13B24A1-F393-431A-A61B-7AA63C55180E}
	EndGlobalSection
	GlobalSection(ExtensibilityGlobals) = postSolution
		SolutionGuid = {09A2724A-BF78-4559-A595-B72B9B840A71}
	EndGlobalSection
EndGlobal
